
Microsoft Visual Studio Solution File, Format Version 12.00
# Visual Studio 15
VisualStudioVersion = 15.0.28010.2003
MinimumVisualStudioVersion = 10.0.40219.1
Project("{FAE04EC0-301F-11D3-BF4B-00C04F79EFBC}") = "MusicXMLBasedCalc", "MusicXMLBasedCalc\MusicXMLBasedCalc.csproj", "{EC310354-1A02-4F0A-93AE-CD1423DAB748}"
EndProject
Project("{FAE04EC0-301F-11D3-BF4B-00C04F79EFBC}") = "MusicXMLBasedCalc.Tests", "MusicXMLBasedCalc.Tests\MusicXMLBasedCalc.Tests.csproj", "{40FC5987-23C5-4C2B-9285-1F9A4781EA3F}"
EndProject
Global
	GlobalSection(SolutionConfigurationPlatforms) = preSolution
		Debug|Any CPU = Debug|Any CPU
		Release|Any CPU = Release|Any CPU
	EndGlobalSection
	GlobalSection(ProjectConfigurationPlatforms) = postSolution
		{EC310354-1A02-4F0A-93AE-CD1423DAB748}.Debug|Any CPU.ActiveCfg = Debug|Any CPU
		{EC310354-1A02-4F0A-93AE-CD1423DAB748}.Debug|Any CPU.Build.0 = Debug|Any CPU
		{EC310354-1A02-4F0A-93AE-CD1423DAB748}.Release|Any CPU.ActiveCfg = Release|Any CPU
		{EC310354-1A02-4F0A-93AE-CD1423DAB748}.Release|Any CPU.Build.0 = Release|Any CPU
		{40FC5987-23C5-4C2B-9285-1F9A4781EA3F}.Debug|Any CPU.ActiveCfg = Debug|Any CPU
		{40FC5987-23C5-4C2B-9285-1F9A4781EA3F}.Debug|Any CPU.Build.0 = Debug|Any CPU
		{40FC5987-23C5-4C2B-9285-1F9A4781EA3F}.Release|Any CPU.ActiveCfg = Release|Any CPU
		{40FC5987-23C5-4C2B-9285-1F9A4781EA3F}.Release|Any CPU.Build.0 = Release|Any CPU
	EndGlobalSection
	GlobalSection(SolutionProperties) = preSolution
		HideSolutionNode = FALSE
	EndGlobalSection
	GlobalSection(ExtensibilityGlobals) = postSolution
		SolutionGuid = {02D9BE4B-AB08-49D1-A70B-6F59DA13CE58}
	EndGlobalSection
EndGlobal
